
Microsoft Visual Studio Solution File, Format Version 12.00
# Visual Studio Version 17
VisualStudioVersion = 17.4.33205.214
MinimumVisualStudioVersion = 10.0.40219.1
Project("{2150E333-8FDC-42A3-9474-1A3956D46DE8}") = "WinFormPlatform", "WinFormPlatform", "{14271A83-EA73-4A8E-99A4-874E965F945A}"
EndProject
Project("{2150E333-8FDC-42A3-9474-1A3956D46DE8}") = "WebPlatform", "WebPlatform", "{73A2CC06-04D9-4B0A-9C12-C232DEA6D39C}"
EndProject
Project("{9A19103F-16F7-4668-BE54-9A1E7A4F7556}") = "LibraryWinApp", "LoginWinForm\LibraryWinApp.csproj", "{FB65994C-9E52-4EBA-9566-277822E07331}"
EndProject
Project("{9A19103F-16F7-4668-BE54-9A1E7A4F7556}") = "LibraryManage", "LibraryManage\LibraryManage.csproj", "{35A92161-014A-4494-981A-9D047DCC48CC}"
EndProject
Project("{9A19103F-16F7-4668-BE54-9A1E7A4F7556}") = "LibraryManagerWeb", "LibraryManager\LibraryManagerWeb.csproj", "{AA07FB63-E2C4-40CC-A6AC-2A4B84592386}"
EndProject
Project("{9A19103F-16F7-4668-BE54-9A1E7A4F7556}") = "LibrayWebApp", "LibrayWebApp\LibrayWebApp.csproj", "{7FEB516D-FA72-47A6-B8AB-071BE37E6C16}"
EndProject
Global
	GlobalSection(SolutionConfigurationPlatforms) = preSolution
		Debug|Any CPU = Debug|Any CPU
		Release|Any CPU = Release|Any CPU
	EndGlobalSection
	GlobalSection(ProjectConfigurationPlatforms) = postSolution
		{FB65994C-9E52-4EBA-9566-277822E07331}.Debug|Any CPU.ActiveCfg = Debug|Any CPU
		{FB65994C-9E52-4EBA-9566-277822E07331}.Debug|Any CPU.Build.0 = Debug|Any CPU
		{FB65994C-9E52-4EBA-9566-277822E07331}.Release|Any CPU.ActiveCfg = Release|Any CPU
		{FB65994C-9E52-4EBA-9566-277822E07331}.Release|Any CPU.Build.0 = Release|Any CPU
		{35A92161-014A-4494-981A-9D047DCC48CC}.Debug|Any CPU.ActiveCfg = Debug|Any CPU
		{35A92161-014A-4494-981A-9D047DCC48CC}.Debug|Any CPU.Build.0 = Debug|Any CPU
		{35A92161-014A-4494-981A-9D047DCC48CC}.Release|Any CPU.ActiveCfg = Release|Any CPU
		{35A92161-014A-4494-981A-9D047DCC48CC}.Release|Any CPU.Build.0 = Release|Any CPU
		{AA07FB63-E2C4-40CC-A6AC-2A4B84592386}.Debug|Any CPU.ActiveCfg = Debug|Any CPU
		{AA07FB63-E2C4-40CC-A6AC-2A4B84592386}.Debug|Any CPU.Build.0 = Debug|Any CPU
		{AA07FB63-E2C4-40CC-A6AC-2A4B84592386}.Release|Any CPU.ActiveCfg = Release|Any CPU
		{AA07FB63-E2C4-40CC-A6AC-2A4B84592386}.Release|Any CPU.Build.0 = Release|Any CPU
		{7FEB516D-FA72-47A6-B8AB-071BE37E6C16}.Debug|Any CPU.ActiveCfg = Debug|Any CPU
		{7FEB516D-FA72-47A6-B8AB-071BE37E6C16}.Debug|Any CPU.Build.0 = Debug|Any CPU
		{7FEB516D-FA72-47A6-B8AB-071BE37E6C16}.Release|Any CPU.ActiveCfg = Release|Any CPU
		{7FEB516D-FA72-47A6-B8AB-071BE37E6C16}.Release|Any CPU.Build.0 = Release|Any CPU
	EndGlobalSection
	GlobalSection(SolutionProperties) = preSolution
		HideSolutionNode = FALSE
	EndGlobalSection
	GlobalSection(NestedProjects) = preSolution
		{FB65994C-9E52-4EBA-9566-277822E07331} = {14271A83-EA73-4A8E-99A4-874E965F945A}
		{35A92161-014A-4494-981A-9D047DCC48CC} = {14271A83-EA73-4A8E-99A4-874E965F945A}
		{AA07FB63-E2C4-40CC-A6AC-2A4B84592386} = {73A2CC06-04D9-4B0A-9C12-C232DEA6D39C}
		{7FEB516D-FA72-47A6-B8AB-071BE37E6C16} = {73A2CC06-04D9-4B0A-9C12-C232DEA6D39C}
	EndGlobalSection
	GlobalSection(ExtensibilityGlobals) = postSolution
		SolutionGuid = {D831DC74-7EDF-46E9-9613-BD545DF6206C}
	EndGlobalSection
EndGlobal
